
Microsoft Visual Studio Solution File, Format Version 12.00
# Visual Studio Version 16
VisualStudioVersion = 16.0.31613.86
MinimumVisualStudioVersion = 10.0.40219.1
Project("{8BC9CEB8-8B4A-11D0-8D11-00A0C91BC942}") = "IntroductionOOP", "IntroductionOOP\IntroductionOOP.vcxproj", "{DBD00C23-3D2B-4F43-B9A4-BE3C3FCAAC1E}"
EndProject
Project("{8BC9CEB8-8B4A-11D0-8D11-00A0C91BC942}") = "Fractional_number", "Fractional_number\Fractional_number.vcxproj", "{2AC6BCFF-DC24-4CE2-B753-DE2015B206E7}"
EndProject
Project("{8BC9CEB8-8B4A-11D0-8D11-00A0C91BC942}") = "Fraction_number2.0", "Fraction_number2.0\Fraction_number2.0.vcxproj", "{C1FDBE0E-3ACC-49B8-9DF0-DDD2D747CD9D}"
EndProject
Project("{8BC9CEB8-8B4A-11D0-8D11-00A0C91BC942}") = "Fraction3.0", "Fraction3.0\Fraction3.0.vcxproj", "{F5AAFC75-EAAE-4CA4-870B-C42C811AE930}"
EndProject
Project("{8BC9CEB8-8B4A-11D0-8D11-00A0C91BC942}") = "StringOOP", "StringOOP\StringOOP.vcxproj", "{C039CE47-A982-401E-A363-441DE8F7BBC1}"
EndProject
Project("{8BC9CEB8-8B4A-11D0-8D11-00A0C91BC942}") = "StringOOP2.0", "StringOOP2.0\StringOOP2.0.vcxproj", "{7E585FD0-34D2-4607-A48E-BAA263D730A9}"
EndProject
Global
	GlobalSection(SolutionConfigurationPlatforms) = preSolution
		Debug|x64 = Debug|x64
		Debug|x86 = Debug|x86
		Release|x64 = Release|x64
		Release|x86 = Release|x86
	EndGlobalSection
	GlobalSection(ProjectConfigurationPlatforms) = postSolution
		{DBD00C23-3D2B-4F43-B9A4-BE3C3FCAAC1E}.Debug|x64.ActiveCfg = Debug|x64
		{DBD00C23-3D2B-4F43-B9A4-BE3C3FCAAC1E}.Debug|x64.Build.0 = Debug|x64
		{DBD00C23-3D2B-4F43-B9A4-BE3C3FCAAC1E}.Debug|x86.ActiveCfg = Debug|Win32
		{DBD00C23-3D2B-4F43-B9A4-BE3C3FCAAC1E}.Debug|x86.Build.0 = Debug|Win32
		{DBD00C23-3D2B-4F43-B9A4-BE3C3FCAAC1E}.Release|x64.ActiveCfg = Release|x64
		{DBD00C23-3D2B-4F43-B9A4-BE3C3FCAAC1E}.Release|x64.Build.0 = Release|x64
		{DBD00C23-3D2B-4F43-B9A4-BE3C3FCAAC1E}.Release|x86.ActiveCfg = Release|Win32
		{DBD00C23-3D2B-4F43-B9A4-BE3C3FCAAC1E}.Release|x86.Build.0 = Release|Win32
		{2AC6BCFF-DC24-4CE2-B753-DE2015B206E7}.Debug|x64.ActiveCfg = Debug|x64
		{2AC6BCFF-DC24-4CE2-B753-DE2015B206E7}.Debug|x64.Build.0 = Debug|x64
		{2AC6BCFF-DC24-4CE2-B753-DE2015B206E7}.Debug|x86.ActiveCfg = Debug|Win32
		{2AC6BCFF-DC24-4CE2-B753-DE2015B206E7}.Debug|x86.Build.0 = Debug|Win32
		{2AC6BCFF-DC24-4CE2-B753-DE2015B206E7}.Release|x64.ActiveCfg = Release|x64
		{2AC6BCFF-DC24-4CE2-B753-DE2015B206E7}.Release|x64.Build.0 = Release|x64
		{2AC6BCFF-DC24-4CE2-B753-DE2015B206E7}.Release|x86.ActiveCfg = Release|Win32
		{2AC6BCFF-DC24-4CE2-B753-DE2015B206E7}.Release|x86.Build.0 = Release|Win32
		{C1FDBE0E-3ACC-49B8-9DF0-DDD2D747CD9D}.Debug|x64.ActiveCfg = Debug|x64
		{C1FDBE0E-3ACC-49B8-9DF0-DDD2D747CD9D}.Debug|x64.Build.0 = Debug|x64
		{C1FDBE0E-3ACC-49B8-9DF0-DDD2D747CD9D}.Debug|x86.ActiveCfg = Debug|Win32
		{C1FDBE0E-3ACC-49B8-9DF0-DDD2D747CD9D}.Debug|x86.Build.0 = Debug|Win32
		{C1FDBE0E-3ACC-49B8-9DF0-DDD2D747CD9D}.Release|x64.ActiveCfg = Release|x64
		{C1FDBE0E-3ACC-49B8-9DF0-DDD2D747CD9D}.Release|x64.Build.0 = Release|x64
		{C1FDBE0E-3ACC-49B8-9DF0-DDD2D747CD9D}.Release|x86.ActiveCfg = Release|Win32
		{C1FDBE0E-3ACC-49B8-9DF0-DDD2D747CD9D}.Release|x86.Build.0 = Release|Win32
		{F5AAFC75-EAAE-4CA4-870B-C42C811AE930}.Debug|x64.ActiveCfg = Debug|x64
		{F5AAFC75-EAAE-4CA4-870B-C42C811AE930}.Debug|x64.Build.0 = Debug|x64
		{F5AAFC75-EAAE-4CA4-870B-C42C811AE930}.Debug|x86.ActiveCfg = Debug|Win32
		{F5AAFC75-EAAE-4CA4-870B-C42C811AE930}.Debug|x86.Build.0 = Debug|Win32
		{F5AAFC75-EAAE-4CA4-870B-C42C811AE930}.Release|x64.ActiveCfg = Release|x64
		{F5AAFC75-EAAE-4CA4-870B-C42C811AE930}.Release|x64.Build.0 = Release|x64
		{F5AAFC75-EAAE-4CA4-870B-C42C811AE930}.Release|x86.ActiveCfg = Release|Win32
		{F5AAFC75-EAAE-4CA4-870B-C42C811AE930}.Release|x86.Build.0 = Release|Win32
		{C039CE47-A982-401E-A363-441DE8F7BBC1}.Debug|x64.ActiveCfg = Debug|x64
		{C039CE47-A982-401E-A363-441DE8F7BBC1}.Debug|x64.Build.0 = Debug|x64
		{C039CE47-A982-401E-A363-441DE8F7BBC1}.Debug|x86.ActiveCfg = Debug|Win32
		{C039CE47-A982-401E-A363-441DE8F7BBC1}.Debug|x86.Build.0 = Debug|Win32
		{C039CE47-A982-401E-A363-441DE8F7BBC1}.Release|x64.ActiveCfg = Release|x64
		{C039CE47-A982-401E-A363-441DE8F7BBC1}.Release|x64.Build.0 = Release|x64
		{C039CE47-A982-401E-A363-441DE8F7BBC1}.Release|x86.ActiveCfg = Release|Win32
		{C039CE47-A982-401E-A363-441DE8F7BBC1}.Release|x86.Build.0 = Release|Win32
		{7E585FD0-34D2-4607-A48E-BAA263D730A9}.Debug|x64.ActiveCfg = Debug|x64
		{7E585FD0-34D2-4607-A48E-BAA263D730A9}.Debug|x64.Build.0 = Debug|x64
		{7E585FD0-34D2-4607-A48E-BAA263D730A9}.Debug|x86.ActiveCfg = Debug|Win32
		{7E585FD0-34D2-4607-A48E-BAA263D730A9}.Debug|x86.Build.0 = Debug|Win32
		{7E585FD0-34D2-4607-A48E-BAA263D730A9}.Release|x64.ActiveCfg = Release|x64
		{7E585FD0-34D2-4607-A48E-BAA263D730A9}.Release|x64.Build.0 = Release|x64
		{7E585FD0-34D2-4607-A48E-BAA263D730A9}.Release|x86.ActiveCfg = Release|Win32
		{7E585FD0-34D2-4607-A48E-BAA263D730A9}.Release|x86.Build.0 = Release|Win32
	EndGlobalSection
	GlobalSection(SolutionProperties) = preSolution
		HideSolutionNode = FALSE
	EndGlobalSection
	GlobalSection(ExtensibilityGlobals) = postSolution
		SolutionGuid = {3712E6B5-9BDF-4669-AEE6-ECEA7162A5AA}
	EndGlobalSection
EndGlobal
